
Microsoft Visual Studio Solution File, Format Version 12.00
# Visual Studio Version 17
VisualStudioVersion = 17.0.31903.59
MinimumVisualStudioVersion = 10.0.40219.1
Project("{2150E333-8FDC-42A3-9474-1A3956D46DE8}") = "Application", "Application", "{A74F262E-BDE7-D5D2-89E9-785413424D0A}"
EndProject
Project("{FAE04EC0-301F-11D3-BF4B-00C04F79EFBC}") = "Core", "Application\Core\Core.csproj", "{9906FA7C-88B1-4D5F-8FF9-52AFE92C8699}"
EndProject
Project("{FAE04EC0-301F-11D3-BF4B-00C04F79EFBC}") = "Ports", "Application\Ports\Ports.csproj", "{B34F5F97-1DB9-4C51-881D-078F2F8457FA}"
EndProject
Project("{2150E333-8FDC-42A3-9474-1A3956D46DE8}") = "Adapters", "Adapters", "{09DF2EE5-5FE7-3EC7-59CB-CAD7E0928979}"
EndProject
Project("{2150E333-8FDC-42A3-9474-1A3956D46DE8}") = "Driven", "Driven", "{FB724721-73D2-401B-52EF-C52D09C4CAF7}"
EndProject
Project("{FAE04EC0-301F-11D3-BF4B-00C04F79EFBC}") = "Orchestrator", "Application\Orchestrator\Orchestrator.csproj", "{8979A65C-C7B6-484A-8595-6A6F20CB47DD}"
EndProject
Project("{2150E333-8FDC-42A3-9474-1A3956D46DE8}") = "Driver", "Driver", "{E609EEFA-E2D9-E82F-9C4E-09B356D264A3}"
EndProject
Project("{FAE04EC0-301F-11D3-BF4B-00C04F79EFBC}") = "RestApiAdapter", "Adapters\Driver\RestApiAdapter\RestApiAdapter.csproj", "{74BD6A4E-B064-4F4A-B8F8-B913A4B151EB}"
EndProject
Project("{FAE04EC0-301F-11D3-BF4B-00C04F79EFBC}") = "AuthServiceAdapter", "Adapters\Driven\AuthServiceAdapter\AuthServiceAdapter.csproj", "{B507E9DB-FC2A-4489-9D2A-7C2BC1A3B565}"
EndProject
Project("{FAE04EC0-301F-11D3-BF4B-00C04F79EFBC}") = "SqlRepositoryAdapter", "Adapters\Driven\SqlRepositoryAdapter\SqlRepositoryAdapter.csproj", "{3F2E8F37-427E-4BB9-AF6F-74841EA39EB5}"
EndProject
Global
	GlobalSection(SolutionConfigurationPlatforms) = preSolution
		Debug|Any CPU = Debug|Any CPU
		Debug|x64 = Debug|x64
		Debug|x86 = Debug|x86
		Release|Any CPU = Release|Any CPU
		Release|x64 = Release|x64
		Release|x86 = Release|x86
	EndGlobalSection
	GlobalSection(ProjectConfigurationPlatforms) = postSolution
		{9906FA7C-88B1-4D5F-8FF9-52AFE92C8699}.Debug|Any CPU.ActiveCfg = Debug|Any CPU
		{9906FA7C-88B1-4D5F-8FF9-52AFE92C8699}.Debug|Any CPU.Build.0 = Debug|Any CPU
		{9906FA7C-88B1-4D5F-8FF9-52AFE92C8699}.Debug|x64.ActiveCfg = Debug|Any CPU
		{9906FA7C-88B1-4D5F-8FF9-52AFE92C8699}.Debug|x64.Build.0 = Debug|Any CPU
		{9906FA7C-88B1-4D5F-8FF9-52AFE92C8699}.Debug|x86.ActiveCfg = Debug|Any CPU
		{9906FA7C-88B1-4D5F-8FF9-52AFE92C8699}.Debug|x86.Build.0 = Debug|Any CPU
		{9906FA7C-88B1-4D5F-8FF9-52AFE92C8699}.Release|Any CPU.ActiveCfg = Release|Any CPU
		{9906FA7C-88B1-4D5F-8FF9-52AFE92C8699}.Release|Any CPU.Build.0 = Release|Any CPU
		{9906FA7C-88B1-4D5F-8FF9-52AFE92C8699}.Release|x64.ActiveCfg = Release|Any CPU
		{9906FA7C-88B1-4D5F-8FF9-52AFE92C8699}.Release|x64.Build.0 = Release|Any CPU
		{9906FA7C-88B1-4D5F-8FF9-52AFE92C8699}.Release|x86.ActiveCfg = Release|Any CPU
		{9906FA7C-88B1-4D5F-8FF9-52AFE92C8699}.Release|x86.Build.0 = Release|Any CPU
		{B34F5F97-1DB9-4C51-881D-078F2F8457FA}.Debug|Any CPU.ActiveCfg = Debug|Any CPU
		{B34F5F97-1DB9-4C51-881D-078F2F8457FA}.Debug|Any CPU.Build.0 = Debug|Any CPU
		{B34F5F97-1DB9-4C51-881D-078F2F8457FA}.Debug|x64.ActiveCfg = Debug|Any CPU
		{B34F5F97-1DB9-4C51-881D-078F2F8457FA}.Debug|x64.Build.0 = Debug|Any CPU
		{B34F5F97-1DB9-4C51-881D-078F2F8457FA}.Debug|x86.ActiveCfg = Debug|Any CPU
		{B34F5F97-1DB9-4C51-881D-078F2F8457FA}.Debug|x86.Build.0 = Debug|Any CPU
		{B34F5F97-1DB9-4C51-881D-078F2F8457FA}.Release|Any CPU.ActiveCfg = Release|Any CPU
		{B34F5F97-1DB9-4C51-881D-078F2F8457FA}.Release|Any CPU.Build.0 = Release|Any CPU
		{B34F5F97-1DB9-4C51-881D-078F2F8457FA}.Release|x64.ActiveCfg = Release|Any CPU
		{B34F5F97-1DB9-4C51-881D-078F2F8457FA}.Release|x64.Build.0 = Release|Any CPU
		{B34F5F97-1DB9-4C51-881D-078F2F8457FA}.Release|x86.ActiveCfg = Release|Any CPU
		{B34F5F97-1DB9-4C51-881D-078F2F8457FA}.Release|x86.Build.0 = Release|Any CPU
		{E7B980BB-17CB-477D-BBCC-BE11E5FA9A2E}.Debug|Any CPU.ActiveCfg = Debug|Any CPU
		{E7B980BB-17CB-477D-BBCC-BE11E5FA9A2E}.Debug|Any CPU.Build.0 = Debug|Any CPU
		{E7B980BB-17CB-477D-BBCC-BE11E5FA9A2E}.Debug|x64.ActiveCfg = Debug|Any CPU
		{E7B980BB-17CB-477D-BBCC-BE11E5FA9A2E}.Debug|x64.Build.0 = Debug|Any CPU
		{E7B980BB-17CB-477D-BBCC-BE11E5FA9A2E}.Debug|x86.ActiveCfg = Debug|Any CPU
		{E7B980BB-17CB-477D-BBCC-BE11E5FA9A2E}.Debug|x86.Build.0 = Debug|Any CPU
		{E7B980BB-17CB-477D-BBCC-BE11E5FA9A2E}.Release|Any CPU.ActiveCfg = Release|Any CPU
		{E7B980BB-17CB-477D-BBCC-BE11E5FA9A2E}.Release|Any CPU.Build.0 = Release|Any CPU
		{E7B980BB-17CB-477D-BBCC-BE11E5FA9A2E}.Release|x64.ActiveCfg = Release|Any CPU
		{E7B980BB-17CB-477D-BBCC-BE11E5FA9A2E}.Release|x64.Build.0 = Release|Any CPU
		{E7B980BB-17CB-477D-BBCC-BE11E5FA9A2E}.Release|x86.ActiveCfg = Release|Any CPU
		{E7B980BB-17CB-477D-BBCC-BE11E5FA9A2E}.Release|x86.Build.0 = Release|Any CPU
		{8979A65C-C7B6-484A-8595-6A6F20CB47DD}.Debug|Any CPU.ActiveCfg = Debug|Any CPU
		{8979A65C-C7B6-484A-8595-6A6F20CB47DD}.Debug|Any CPU.Build.0 = Debug|Any CPU
		{8979A65C-C7B6-484A-8595-6A6F20CB47DD}.Debug|x64.ActiveCfg = Debug|Any CPU
		{8979A65C-C7B6-484A-8595-6A6F20CB47DD}.Debug|x64.Build.0 = Debug|Any CPU
		{8979A65C-C7B6-484A-8595-6A6F20CB47DD}.Debug|x86.ActiveCfg = Debug|Any CPU
		{8979A65C-C7B6-484A-8595-6A6F20CB47DD}.Debug|x86.Build.0 = Debug|Any CPU
		{8979A65C-C7B6-484A-8595-6A6F20CB47DD}.Release|Any CPU.ActiveCfg = Release|Any CPU
		{8979A65C-C7B6-484A-8595-6A6F20CB47DD}.Release|Any CPU.Build.0 = Release|Any CPU
		{8979A65C-C7B6-484A-8595-6A6F20CB47DD}.Release|x64.ActiveCfg = Release|Any CPU
		{8979A65C-C7B6-484A-8595-6A6F20CB47DD}.Release|x64.Build.0 = Release|Any CPU
		{8979A65C-C7B6-484A-8595-6A6F20CB47DD}.Release|x86.ActiveCfg = Release|Any CPU
		{8979A65C-C7B6-484A-8595-6A6F20CB47DD}.Release|x86.Build.0 = Release|Any CPU
		{74BD6A4E-B064-4F4A-B8F8-B913A4B151EB}.Debug|Any CPU.ActiveCfg = Debug|Any CPU
		{74BD6A4E-B064-4F4A-B8F8-B913A4B151EB}.Debug|Any CPU.Build.0 = Debug|Any CPU
		{74BD6A4E-B064-4F4A-B8F8-B913A4B151EB}.Debug|x64.ActiveCfg = Debug|Any CPU
		{74BD6A4E-B064-4F4A-B8F8-B913A4B151EB}.Debug|x64.Build.0 = Debug|Any CPU
		{74BD6A4E-B064-4F4A-B8F8-B913A4B151EB}.Debug|x86.ActiveCfg = Debug|Any CPU
		{74BD6A4E-B064-4F4A-B8F8-B913A4B151EB}.Debug|x86.Build.0 = Debug|Any CPU
		{74BD6A4E-B064-4F4A-B8F8-B913A4B151EB}.Release|Any CPU.ActiveCfg = Release|Any CPU
		{74BD6A4E-B064-4F4A-B8F8-B913A4B151EB}.Release|Any CPU.Build.0 = Release|Any CPU
		{74BD6A4E-B064-4F4A-B8F8-B913A4B151EB}.Release|x64.ActiveCfg = Release|Any CPU
		{74BD6A4E-B064-4F4A-B8F8-B913A4B151EB}.Release|x64.Build.0 = Release|Any CPU
		{74BD6A4E-B064-4F4A-B8F8-B913A4B151EB}.Release|x86.ActiveCfg = Release|Any CPU
		{74BD6A4E-B064-4F4A-B8F8-B913A4B151EB}.Release|x86.Build.0 = Release|Any CPU
		{B507E9DB-FC2A-4489-9D2A-7C2BC1A3B565}.Debug|Any CPU.ActiveCfg = Debug|Any CPU
		{B507E9DB-FC2A-4489-9D2A-7C2BC1A3B565}.Debug|Any CPU.Build.0 = Debug|Any CPU
		{B507E9DB-FC2A-4489-9D2A-7C2BC1A3B565}.Debug|x64.ActiveCfg = Debug|Any CPU
		{B507E9DB-FC2A-4489-9D2A-7C2BC1A3B565}.Debug|x64.Build.0 = Debug|Any CPU
		{B507E9DB-FC2A-4489-9D2A-7C2BC1A3B565}.Debug|x86.ActiveCfg = Debug|Any CPU
		{B507E9DB-FC2A-4489-9D2A-7C2BC1A3B565}.Debug|x86.Build.0 = Debug|Any CPU
		{B507E9DB-FC2A-4489-9D2A-7C2BC1A3B565}.Release|Any CPU.ActiveCfg = Release|Any CPU
		{B507E9DB-FC2A-4489-9D2A-7C2BC1A3B565}.Release|Any CPU.Build.0 = Release|Any CPU
		{B507E9DB-FC2A-4489-9D2A-7C2BC1A3B565}.Release|x64.ActiveCfg = Release|Any CPU
		{B507E9DB-FC2A-4489-9D2A-7C2BC1A3B565}.Release|x64.Build.0 = Release|Any CPU
		{B507E9DB-FC2A-4489-9D2A-7C2BC1A3B565}.Release|x86.ActiveCfg = Release|Any CPU
		{B507E9DB-FC2A-4489-9D2A-7C2BC1A3B565}.Release|x86.Build.0 = Release|Any CPU
		{3F2E8F37-427E-4BB9-AF6F-74841EA39EB5}.Debug|Any CPU.ActiveCfg = Debug|Any CPU
		{3F2E8F37-427E-4BB9-AF6F-74841EA39EB5}.Debug|Any CPU.Build.0 = Debug|Any CPU
		{3F2E8F37-427E-4BB9-AF6F-74841EA39EB5}.Debug|x64.ActiveCfg = Debug|Any CPU
		{3F2E8F37-427E-4BB9-AF6F-74841EA39EB5}.Debug|x64.Build.0 = Debug|Any CPU
		{3F2E8F37-427E-4BB9-AF6F-74841EA39EB5}.Debug|x86.ActiveCfg = Debug|Any CPU
		{3F2E8F37-427E-4BB9-AF6F-74841EA39EB5}.Debug|x86.Build.0 = Debug|Any CPU
		{3F2E8F37-427E-4BB9-AF6F-74841EA39EB5}.Release|Any CPU.ActiveCfg = Release|Any CPU
		{3F2E8F37-427E-4BB9-AF6F-74841EA39EB5}.Release|Any CPU.Build.0 = Release|Any CPU
		{3F2E8F37-427E-4BB9-AF6F-74841EA39EB5}.Release|x64.ActiveCfg = Release|Any CPU
		{3F2E8F37-427E-4BB9-AF6F-74841EA39EB5}.Release|x64.Build.0 = Release|Any CPU
		{3F2E8F37-427E-4BB9-AF6F-74841EA39EB5}.Release|x86.ActiveCfg = Release|Any CPU
		{3F2E8F37-427E-4BB9-AF6F-74841EA39EB5}.Release|x86.Build.0 = Release|Any CPU
	EndGlobalSection
	GlobalSection(SolutionProperties) = preSolution
		HideSolutionNode = FALSE
	EndGlobalSection
	GlobalSection(NestedProjects) = preSolution
		{9906FA7C-88B1-4D5F-8FF9-52AFE92C8699} = {A74F262E-BDE7-D5D2-89E9-785413424D0A}
		{B34F5F97-1DB9-4C51-881D-078F2F8457FA} = {A74F262E-BDE7-D5D2-89E9-785413424D0A}
		{FB724721-73D2-401B-52EF-C52D09C4CAF7} = {09DF2EE5-5FE7-3EC7-59CB-CAD7E0928979}
		{8979A65C-C7B6-484A-8595-6A6F20CB47DD} = {A74F262E-BDE7-D5D2-89E9-785413424D0A}
		{E609EEFA-E2D9-E82F-9C4E-09B356D264A3} = {09DF2EE5-5FE7-3EC7-59CB-CAD7E0928979}
		{74BD6A4E-B064-4F4A-B8F8-B913A4B151EB} = {E609EEFA-E2D9-E82F-9C4E-09B356D264A3}
		{B507E9DB-FC2A-4489-9D2A-7C2BC1A3B565} = {FB724721-73D2-401B-52EF-C52D09C4CAF7}
		{3F2E8F37-427E-4BB9-AF6F-74841EA39EB5} = {FB724721-73D2-401B-52EF-C52D09C4CAF7}
	EndGlobalSection
EndGlobal
